Microsoft Visual Studio Solution File, Format Version 12.00
# Visual Studio Version 17
VisualStudioVersion = 17.5.2.0
MinimumVisualStudioVersion = 10.0.40219.1
Project("{FAE04EC0-301F-11D3-BF4B-00C04F79EFBC}") = "BlakeSimpleTailwindSample", "BlakeSimpleTailwindSample.csproj", "{8281F091-006E-F294-C10A-AB1E808A355E}"
EndProject
Global
	GlobalSection(SolutionConfigurationPlatforms) = preSolution
		Debug|Any CPU = Debug|Any CPU
		Release|Any CPU = Release|Any CPU
	EndGlobalSection
	GlobalSection(ProjectConfigurationPlatforms) = postSolution
		{8281F091-006E-F294-C10A-AB1E808A355E}.Debug|Any CPU.ActiveCfg = Debug|Any CPU
		{8281F091-006E-F294-C10A-AB1E808A355E}.Debug|Any CPU.Build.0 = Debug|Any CPU
		{8281F091-006E-F294-C10A-AB1E808A355E}.Release|Any CPU.ActiveCfg = Release|Any CPU
		{8281F091-006E-F294-C10A-AB1E808A355E}.Release|Any CPU.Build.0 = Release|Any CPU
	EndGlobalSection
	GlobalSection(SolutionProperties) = preSolution
		HideSolutionNode = FALSE
	EndGlobalSection
	GlobalSection(ExtensibilityGlobals) = postSolution
		SolutionGuid = {0371BD10-EC70-4FB1-91C2-52FE74528E46}
	EndGlobalSection
EndGlobal
